
Microsoft Visual Studio Solution File, Format Version 12.00
# Visual Studio 2013
VisualStudioVersion = 12.0.21005.1
MinimumVisualStudioVersion = 10.0.40219.1
Project("{FAE04EC0-301F-11D3-BF4B-00C04F79EFBC}") = "Sell_ArrayAndFile_FormApp", "Sell_ArrayAndFile_FormApp\Sell_ArrayAndFile_FormApp.csproj", "{1B48DE55-ABEA-45A5-8AD8-A9A5FD5C88C9}"
EndProject
Project("{FAE04EC0-301F-11D3-BF4B-00C04F79EFBC}") = "LibraryBy_A103223013", "Library\LibraryBy_A103223013.csproj", "{3DDB41EA-6F95-4E27-B24B-1827E0CE8EEA}"
EndProject
Global
	GlobalSection(SolutionConfigurationPlatforms) = preSolution
		Debug|Any CPU = Debug|Any CPU
		Release|Any CPU = Release|Any CPU
	EndGlobalSection
	GlobalSection(ProjectConfigurationPlatforms) = postSolution
		{1B48DE55-ABEA-45A5-8AD8-A9A5FD5C88C9}.Debug|Any CPU.ActiveCfg = Debug|Any CPU
		{1B48DE55-ABEA-45A5-8AD8-A9A5FD5C88C9}.Debug|Any CPU.Build.0 = Debug|Any CPU
		{1B48DE55-ABEA-45A5-8AD8-A9A5FD5C88C9}.Release|Any CPU.ActiveCfg = Release|Any CPU
		{1B48DE55-ABEA-45A5-8AD8-A9A5FD5C88C9}.Release|Any CPU.Build.0 = Release|Any CPU
		{3DDB41EA-6F95-4E27-B24B-1827E0CE8EEA}.Debug|Any CPU.ActiveCfg = Debug|Any CPU
		{3DDB41EA-6F95-4E27-B24B-1827E0CE8EEA}.Debug|Any CPU.Build.0 = Debug|Any CPU
		{3DDB41EA-6F95-4E27-B24B-1827E0CE8EEA}.Release|Any CPU.ActiveCfg = Release|Any CPU
		{3DDB41EA-6F95-4E27-B24B-1827E0CE8EEA}.Release|Any CPU.Build.0 = Release|Any CPU
	EndGlobalSection
	GlobalSection(SolutionProperties) = preSolution
		HideSolutionNode = FALSE
	EndGlobalSection
EndGlobal
